
Microsoft Visual Studio Solution File, Format Version 12.00
# Visual Studio Version 16
VisualStudioVersion = 16.0.31402.337
MinimumVisualStudioVersion = 10.0.40219.1
Project("{9A19103F-16F7-4668-BE54-9A1E7A4F7556}") = "CampIntro", "CampIntro\CampIntro.csproj", "{9EE0C577-F8E9-423E-855F-AFD702F73458}"
EndProject
Project("{9A19103F-16F7-4668-BE54-9A1E7A4F7556}") = "Loops", "Loops\Loops.csproj", "{3A1DFAE2-9D69-48AA-942D-6740840DBBB7}"
EndProject
Project("{9A19103F-16F7-4668-BE54-9A1E7A4F7556}") = "ClassIntro", "ClassIntro\ClassIntro.csproj", "{6F8A984B-CB17-4D54-BF52-95103EB986E9}"
EndProject
Project("{9A19103F-16F7-4668-BE54-9A1E7A4F7556}") = "Methods", "Methods\Methods.csproj", "{2842F9B4-45C9-4935-A287-0F0A8E2BE4F8}"
EndProject
Project("{9A19103F-16F7-4668-BE54-9A1E7A4F7556}") = "Maths", "Maths\Maths.csproj", "{67FBC908-ACEF-49B5-A4E5-47A4037230D0}"
EndProject
Project("{9A19103F-16F7-4668-BE54-9A1E7A4F7556}") = "ValueAndReferenceTypes", "ValueAndReferenceTypes\ValueAndReferenceTypes.csproj", "{233F46C4-6BDE-4232-9A22-53ECEC6699A1}"
EndProject
Project("{9A19103F-16F7-4668-BE54-9A1E7A4F7556}") = "RefAndOut", "RefAndOut\RefAndOut.csproj", "{4F6E42F1-4788-4F92-A722-FB6201251FE4}"
EndProject
Global
	GlobalSection(SolutionConfigurationPlatforms) = preSolution
		Debug|Any CPU = Debug|Any CPU
		Release|Any CPU = Release|Any CPU
	EndGlobalSection
	GlobalSection(ProjectConfigurationPlatforms) = postSolution
		{9EE0C577-F8E9-423E-855F-AFD702F73458}.Debug|Any CPU.ActiveCfg = Debug|Any CPU
		{9EE0C577-F8E9-423E-855F-AFD702F73458}.Debug|Any CPU.Build.0 = Debug|Any CPU
		{9EE0C577-F8E9-423E-855F-AFD702F73458}.Release|Any CPU.ActiveCfg = Release|Any CPU
		{9EE0C577-F8E9-423E-855F-AFD702F73458}.Release|Any CPU.Build.0 = Release|Any CPU
		{3A1DFAE2-9D69-48AA-942D-6740840DBBB7}.Debug|Any CPU.ActiveCfg = Debug|Any CPU
		{3A1DFAE2-9D69-48AA-942D-6740840DBBB7}.Debug|Any CPU.Build.0 = Debug|Any CPU
		{3A1DFAE2-9D69-48AA-942D-6740840DBBB7}.Release|Any CPU.ActiveCfg = Release|Any CPU
		{3A1DFAE2-9D69-48AA-942D-6740840DBBB7}.Release|Any CPU.Build.0 = Release|Any CPU
		{6F8A984B-CB17-4D54-BF52-95103EB986E9}.Debug|Any CPU.ActiveCfg = Debug|Any CPU
		{6F8A984B-CB17-4D54-BF52-95103EB986E9}.Debug|Any CPU.Build.0 = Debug|Any CPU
		{6F8A984B-CB17-4D54-BF52-95103EB986E9}.Release|Any CPU.ActiveCfg = Release|Any CPU
		{6F8A984B-CB17-4D54-BF52-95103EB986E9}.Release|Any CPU.Build.0 = Release|Any CPU
		{2842F9B4-45C9-4935-A287-0F0A8E2BE4F8}.Debug|Any CPU.ActiveCfg = Debug|Any CPU
		{2842F9B4-45C9-4935-A287-0F0A8E2BE4F8}.Debug|Any CPU.Build.0 = Debug|Any CPU
		{2842F9B4-45C9-4935-A287-0F0A8E2BE4F8}.Release|Any CPU.ActiveCfg = Release|Any CPU
		{2842F9B4-45C9-4935-A287-0F0A8E2BE4F8}.Release|Any CPU.Build.0 = Release|Any CPU
		{67FBC908-ACEF-49B5-A4E5-47A4037230D0}.Debug|Any CPU.ActiveCfg = Debug|Any CPU
		{67FBC908-ACEF-49B5-A4E5-47A4037230D0}.Debug|Any CPU.Build.0 = Debug|Any CPU
		{67FBC908-ACEF-49B5-A4E5-47A4037230D0}.Release|Any CPU.ActiveCfg = Release|Any CPU
		{67FBC908-ACEF-49B5-A4E5-47A4037230D0}.Release|Any CPU.Build.0 = Release|Any CPU
		{233F46C4-6BDE-4232-9A22-53ECEC6699A1}.Debug|Any CPU.ActiveCfg = Debug|Any CPU
		{233F46C4-6BDE-4232-9A22-53ECEC6699A1}.Debug|Any CPU.Build.0 = Debug|Any CPU
		{233F46C4-6BDE-4232-9A22-53ECEC6699A1}.Release|Any CPU.ActiveCfg = Release|Any CPU
		{233F46C4-6BDE-4232-9A22-53ECEC6699A1}.Release|Any CPU.Build.0 = Release|Any CPU
		{4F6E42F1-4788-4F92-A722-FB6201251FE4}.Debug|Any CPU.ActiveCfg = Debug|Any CPU
		{4F6E42F1-4788-4F92-A722-FB6201251FE4}.Debug|Any CPU.Build.0 = Debug|Any CPU
		{4F6E42F1-4788-4F92-A722-FB6201251FE4}.Release|Any CPU.ActiveCfg = Release|Any CPU
		{4F6E42F1-4788-4F92-A722-FB6201251FE4}.Release|Any CPU.Build.0 = Release|Any CPU
	EndGlobalSection
	GlobalSection(SolutionProperties) = preSolution
		HideSolutionNode = FALSE
	EndGlobalSection
	GlobalSection(ExtensibilityGlobals) = postSolution
		SolutionGuid = {BB2BECD3-2653-4CBA-95CD-6F4D7D00F706}
	EndGlobalSection
EndGlobal
